
Microsoft Visual Studio Solution File, Format Version 12.00
# Visual Studio 14
VisualStudioVersion = 14.0.25420.1
MinimumVisualStudioVersion = 10.0.40219.1
Project("{FAE04EC0-301F-11D3-BF4B-00C04F79EFBC}") = "WorkflowCommonTools", "WorkflowCommonTools\WorkflowCommonTools.csproj", "{1386A488-D0A4-4908-987D-33C402C17D68}"
EndProject
Project("{FAE04EC0-301F-11D3-BF4B-00C04F79EFBC}") = "MyWorkflowService", "MyWorkflowService\MyWorkflowService.csproj", "{F262BB0A-8CA9-4DE7-8B06-ADA38AEDD28E}"
EndProject
Global
	GlobalSection(SolutionConfigurationPlatforms) = preSolution
		Debug|Any CPU = Debug|Any CPU
		Release|Any CPU = Release|Any CPU
	EndGlobalSection
	GlobalSection(ProjectConfigurationPlatforms) = postSolution
		{1386A488-D0A4-4908-987D-33C402C17D68}.Debug|Any CPU.ActiveCfg = Debug|Any CPU
		{1386A488-D0A4-4908-987D-33C402C17D68}.Debug|Any CPU.Build.0 = Debug|Any CPU
		{1386A488-D0A4-4908-987D-33C402C17D68}.Release|Any CPU.ActiveCfg = Release|Any CPU
		{1386A488-D0A4-4908-987D-33C402C17D68}.Release|Any CPU.Build.0 = Release|Any CPU
		{F262BB0A-8CA9-4DE7-8B06-ADA38AEDD28E}.Debug|Any CPU.ActiveCfg = Debug|Any CPU
		{F262BB0A-8CA9-4DE7-8B06-ADA38AEDD28E}.Debug|Any CPU.Build.0 = Debug|Any CPU
		{F262BB0A-8CA9-4DE7-8B06-ADA38AEDD28E}.Release|Any CPU.ActiveCfg = Release|Any CPU
		{F262BB0A-8CA9-4DE7-8B06-ADA38AEDD28E}.Release|Any CPU.Build.0 = Release|Any CPU
	EndGlobalSection
	GlobalSection(SolutionProperties) = preSolution
		HideSolutionNode = FALSE
	EndGlobalSection
EndGlobal
